dependencies:
  espressif/led_strip:
    component_hash: 28621486f77229aaf81c71f5e15d6fbf36c2949cf11094e07090593e659e7639
    dependencies:
    - name: idf
      require: private
      version: '>=5.0'
    source:
      registry_url: https://components.espressif.com/
      type: service
    version: 3.0.3
  idf:
    source:
      type: idf
    version: 5.5.4
  protocol_examples_common:
    dependencies: []
    source:
      path: /home/hawk/esp/esp-idf/examples/common_components/protocol_examples_common
      type: local
    version: '*'
direct_dependencies:
- espressif/led_strip
- protocol_examples_common
manifest_hash: cd071d2a5263ef5e5047dd3822b9fb4058943ec0d83c9ce564e4341d67f9a07e
target: esp32c3
version: 2.0.0
